// !$*UTF8*$!
{
	archiveVersion = 1;
	classes = {
	};
	objectVersion = 77;
	objects = {

/* Begin PBXBuildFile section */
		D519A8812F797DEA00B05C30 /* AppDelegate.swift in Sources */ = {isa = PBXBuildFile; fileRef = D519A8802F797DEA00B05C30 /* AppDelegate.swift */; };
		D519A8832F797DEA00B05C30 /* SceneDelegate.swift in Sources */ = {isa = PBXBuildFile; fileRef = D519A8822F797DEA00B05C30 /* SceneDelegate.swift */; };
		D519A8862F797DEA00B05C30 /* LaunchScreen.storyboard in Resources */ = {isa = PBXBuildFile; fileRef = D519A8842F797DEA00B05C30 /* LaunchScreen.storyboard */; };
		D519A8892F797DEA00B05C30 /* Main.storyboard in Resources */ = {isa = PBXBuildFile; fileRef = D519A8872F797DEA00B05C30 /* Main.storyboard */; };
		D519A8922F797DEA00B05C30 /* AppDelegate.swift in Sources */ = {isa = PBXBuildFile; fileRef = D519A8912F797DEA00B05C30 /* AppDelegate.swift */; };
		D519A8952F797DEA00B05C30 /* Main.storyboard in Resources */ = {isa = PBXBuildFile; fileRef = D519A8932F797DEA00B05C30 /* Main.storyboard */; };
		D519A89C2F797DEA00B05C30 /* xcancel Extension.appex in Embed Foundation Extensions */ = {isa = PBXBuildFile; fileRef = D519A89B2F797DEA00B05C30 /* xcancel Extension.appex */; settings = {ATTRIBUTES = (RemoveHeadersOnCopy, ); }; };
		D519A8A62F797DEA00B05C30 /* xcancel Extension.appex in Embed Foundation Extensions */ = {isa = PBXBuildFile; fileRef = D519A8A52F797DEA00B05C30 /* xcancel Extension.appex */; settings = {ATTRIBUTES = (RemoveHeadersOnCopy, ); }; };
		D519A8AB2F797DEA00B05C30 /* Main.html in Resources */ = {isa = PBXBuildFile; fileRef = D519A8702F797DE900B05C30 /* Main.html */; };
		D519A8AC2F797DEA00B05C30 /* Main.html in Resources */ = {isa = PBXBuildFile; fileRef = D519A8702F797DE900B05C30 /* Main.html */; };
		D519A8AD2F797DEA00B05C30 /* Icon.png in Resources */ = {isa = PBXBuildFile; fileRef = D519A8722F797DE900B05C30 /* Icon.png */; };
		D519A8AE2F797DEA00B05C30 /* Icon.png in Resources */ = {isa = PBXBuildFile; fileRef = D519A8722F797DE900B05C30 /* Icon.png */; };
		D519A8AF2F797DEA00B05C30 /* Style.css in Resources */ = {isa = PBXBuildFile; fileRef = D519A8732F797DE900B05C30 /* Style.css */; };
		D519A8B02F797DEA00B05C30 /* Style.css in Resources */ = {isa = PBXBuildFile; fileRef = D519A8732F797DE900B05C30 /* Style.css */; };
		D519A8B12F797DEA00B05C30 /* Script.js in Resources */ = {isa = PBXBuildFile; fileRef = D519A8742F797DE900B05C30 /* Script.js */; };
		D519A8B22F797DEA00B05C30 /* Script.js in Resources */ = {isa = PBXBuildFile; fileRef = D519A8742F797DE900B05C30 /* Script.js */; };
		D519A8B32F797DEA00B05C30 /* ViewController.swift in Sources */ = {isa = PBXBuildFile; fileRef = D519A8752F797DE900B05C30 /* ViewController.swift */; };
		D519A8B42F797DEA00B05C30 /* ViewController.swift in Sources */ = {isa = PBXBuildFile; fileRef = D519A8752F797DE900B05C30 /* ViewController.swift */; };
		D519A8B52F797DEA00B05C30 /* Assets.xcassets in Resources */ = {isa = PBXBuildFile; fileRef = D519A8762F797DEA00B05C30 /* Assets.xcassets */; };
		D519A8B62F797DEA00B05C30 /* Assets.xcassets in Resources */ = {isa = PBXBuildFile; fileRef = D519A8762F797DEA00B05C30 /* Assets.xcassets */; };
		D519A8B72F797DEA00B05C30 /* SafariWebExtensionHandler.swift in Sources */ = {isa = PBXBuildFile; fileRef = D519A8782F797DEA00B05C30 /* SafariWebExtensionHandler.swift */; };
		D519A8B82F797DEA00B05C30 /* SafariWebExtensionHandler.swift in Sources */ = {isa = PBXBuildFile; fileRef = D519A8782F797DEA00B05C30 /* SafariWebExtensionHandler.swift */; };
		D519A8D22F797DEA00B05C30 /* icon-16.png in Resources */ = {isa = PBXBuildFile; fileRef = D519A8CA2F797DEA00B05C30 /* icon-16.png */; };
		D519A8D32F797DEA00B05C30 /* url-rewriter.js in Resources */ = {isa = PBXBuildFile; fileRef = D519A8CB2F797DEA00B05C30 /* url-rewriter.js */; };
		D519A8D42F797DEA00B05C30 /* icon-48.png in Resources */ = {isa = PBXBuildFile; fileRef = D519A8CC2F797DEA00B05C30 /* icon-48.png */; };
		D519A8D52F797DEA00B05C30 /* manifest.json in Resources */ = {isa = PBXBuildFile; fileRef = D519A8CD2F797DEA00B05C30 /* manifest.json */; };
		D519A8D62F797DEA00B05C30 /* content.js in Resources */ = {isa = PBXBuildFile; fileRef = D519A8CE2F797DEA00B05C30 /* content.js */; };
		D519A8D72F797DEA00B05C30 /* icon-128.png in Resources */ = {isa = PBXBuildFile; fileRef = D519A8CF2F797DEA00B05C30 /* icon-128.png */; };
		D519A8D82F797DEA00B05C30 /* redirect-early.js in Resources */ = {isa = PBXBuildFile; fileRef = D519A8D02F797DEA00B05C30 /* redirect-early.js */; };
		D519A8D92F797DEA00B05C30 /* icon-32.png in Resources */ = {isa = PBXBuildFile; fileRef = D519A8D12F797DEA00B05C30 /* icon-32.png */; };
		D519A8DA2F797DEA00B05C30 /* icon-16.png in Resources */ = {isa = PBXBuildFile; fileRef = D519A8CA2F797DEA00B05C30 /* icon-16.png */; };
		D519A8DB2F797DEA00B05C30 /* url-rewriter.js in Resources */ = {isa = PBXBuildFile; fileRef = D519A8CB2F797DEA00B05C30 /* url-rewriter.js */; };
		D519A8DC2F797DEA00B05C30 /* icon-48.png in Resources */ = {isa = PBXBuildFile; fileRef = D519A8CC2F797DEA00B05C30 /* icon-48.png */; };
		D519A8DD2F797DEA00B05C30 /* manifest.json in Resources */ = {isa = PBXBuildFile; fileRef = D519A8CD2F797DEA00B05C30 /* manifest.json */; };
		D519A8DE2F797DEA00B05C30 /* content.js in Resources */ = {isa = PBXBuildFile; fileRef = D519A8CE2F797DEA00B05C30 /* content.js */; };
		D519A8DF2F797DEA00B05C30 /* icon-128.png in Resources */ = {isa = PBXBuildFile; fileRef = D519A8CF2F797DEA00B05C30 /* icon-128.png */; };
		D519A8E02F797DEA00B05C30 /* redirect-early.js in Resources */ = {isa = PBXBuildFile; fileRef = D519A8D02F797DEA00B05C30 /* redirect-early.js */; };
		D519A8E12F797DEA00B05C30 /* icon-32.png in Resources */ = {isa = PBXBuildFile; fileRef = D519A8D12F797DEA00B05C30 /* icon-32.png */; };
/* End PBXBuildFile section */

/* Begin PBXContainerItemProxy section */
		D519A89D2F797DEA00B05C30 /* PBXContainerItemProxy */ = {
			isa = PBXContainerItemProxy;
			containerPortal = D519A86A2F797DE900B05C30 /* Project object */;
			proxyType = 1;
			remoteGlobalIDString = D519A89A2F797DEA00B05C30;
			remoteInfo = "xcancel Extension (iOS)";
		};
		D519A8A72F797DEA00B05C30 /* PBXContainerItemProxy */ = {
			isa = PBXContainerItemProxy;
			containerPortal = D519A86A2F797DE900B05C30 /* Project object */;
			proxyType = 1;
			remoteGlobalIDString = D519A8A42F797DEA00B05C30;
			remoteInfo = "xcancel Extension (macOS)";
		};
/* End PBXContainerItemProxy section */

/* Begin PBXCopyFilesBuildPhase section */
		D519A8BE2F797DEA00B05C30 /* Embed Foundation Extensions */ = {
			isa = PBXCopyFilesBuildPhase;
			buildActionMask = 2147483647;
			dstPath = "";
			dstSubfolderSpec = 13;
			files = (
				D519A89C2F797DEA00B05C30 /* xcancel Extension.appex in Embed Foundation Extensions */,
			);
			name = "Embed Foundation Extensions";
			runOnlyForDeploymentPostprocessing = 0;
		};
		D519A8C52F797DEA00B05C30 /* Embed Foundation Extensions */ = {
			isa = PBXCopyFilesBuildPhase;
			buildActionMask = 2147483647;
			dstPath = "";
			dstSubfolderSpec = 13;
			files = (
				D519A8A62F797DEA00B05C30 /* xcancel Extension.appex in Embed Foundation Extensions */,
			);
			name = "Embed Foundation Extensions";
			runOnlyForDeploymentPostprocessing = 0;
		};
/* End PBXCopyFilesBuildPhase section */

/* Begin PBXFileReference section */
		D519A8712F797DE900B05C30 /* Base */ = {isa = PBXFileReference; lastKnownFileType = text.html; name = Base; path = Base.lproj/Main.html; sourceTree = "<group>"; };
		D519A8722F797DE900B05C30 /* Icon.png */ = {isa = PBXFileReference; lastKnownFileType = image.png; path = Icon.png; sourceTree = "<group>"; };
		D519A8732F797DE900B05C30 /* Style.css */ = {isa = PBXFileReference; lastKnownFileType = text.css; path = Style.css; sourceTree = "<group>"; };
		D519A8742F797DE900B05C30 /* Script.js */ = {isa = PBXFileReference; lastKnownFileType = sourcecode.javascript; path = Script.js; sourceTree = "<group>"; };
		D519A8752F797DE900B05C30 /* ViewController.swift */ = {isa = PBXFileReference; lastKnownFileType = sourcecode.swift; path = ViewController.swift; sourceTree = "<group>"; };
		D519A8762F797DEA00B05C30 /* Assets.xcassets */ = {isa = PBXFileReference; lastKnownFileType = folder.assetcatalog; path = Assets.xcassets; sourceTree = "<group>"; };
		D519A8782F797DEA00B05C30 /* SafariWebExtensionHandler.swift */ = {isa = PBXFileReference; lastKnownFileType = sourcecode.swift; path = SafariWebExtensionHandler.swift; sourceTree = "<group>"; };
		D519A87D2F797DEA00B05C30 /* xcancel.app */ = {isa = PBXFileReference; explicitFileType = wrapper.application; includeInIndex = 0; path = xcancel.app; sourceTree = BUILT_PRODUCTS_DIR; };
		D519A8802F797DEA00B05C30 /* AppDelegate.swift */ = {isa = PBXFileReference; lastKnownFileType = sourcecode.swift; path = AppDelegate.swift; sourceTree = "<group>"; };
		D519A8822F797DEA00B05C30 /* SceneDelegate.swift */ = {isa = PBXFileReference; lastKnownFileType = sourcecode.swift; path = SceneDelegate.swift; sourceTree = "<group>"; };
		D519A8852F797DEA00B05C30 /* Base */ = {isa = PBXFileReference; lastKnownFileType = file.storyboard; name = Base; path = Base.lproj/LaunchScreen.storyboard; sourceTree = "<group>"; };
		D519A8882F797DEA00B05C30 /* Base */ = {isa = PBXFileReference; lastKnownFileType = file.storyboard; name = Base; path = Base.lproj/Main.storyboard; sourceTree = "<group>"; };
		D519A88A2F797DEA00B05C30 /* Info.plist */ = {isa = PBXFileReference; lastKnownFileType = text.plist.xml; path = Info.plist; sourceTree = "<group>"; };
		D519A88F2F797DEA00B05C30 /* xcancel.app */ = {isa = PBXFileReference; explicitFileType = wrapper.application; includeInIndex = 0; path = xcancel.app; sourceTree = BUILT_PRODUCTS_DIR; };
		D519A8912F797DEA00B05C30 /* AppDelegate.swift */ = {isa = PBXFileReference; lastKnownFileType = sourcecode.swift; path = AppDelegate.swift; sourceTree = "<group>"; };
		D519A8942F797DEA00B05C30 /* Base */ = {isa = PBXFileReference; lastKnownFileType = file.storyboard; name = Base; path = Base.lproj/Main.storyboard; sourceTree = "<group>"; };
		D519A8962F797DEA00B05C30 /* Info.plist */ = {isa = PBXFileReference; lastKnownFileType = text.plist.xml; path = Info.plist; sourceTree = "<group>"; };
		D519A89B2F797DEA00B05C30 /* xcancel Extension.appex */ = {isa = PBXFileReference; explicitFileType = "wrapper.app-extension"; includeInIndex = 0; path = "xcancel Extension.appex"; sourceTree = BUILT_PRODUCTS_DIR; };
		D519A8A02F797DEA00B05C30 /* Info.plist */ = {isa = PBXFileReference; lastKnownFileType = text.plist.xml; path = Info.plist; sourceTree = "<group>"; };
		D519A8A52F797DEA00B05C30 /* xcancel Extension.appex */ = {isa = PBXFileReference; explicitFileType = "wrapper.app-extension"; includeInIndex = 0; path = "xcancel Extension.appex"; sourceTree = BUILT_PRODUCTS_DIR; };
		D519A8AA2F797DEA00B05C30 /* Info.plist */ = {isa = PBXFileReference; lastKnownFileType = text.plist.xml; path = Info.plist; sourceTree = "<group>"; };
		D519A8CA2F797DEA00B05C30 /* icon-16.png */ = {isa = PBXFileReference; lastKnownFileType = image.png; name = "icon-16.png"; path = "../../../icons/icon-16.png"; sourceTree = "<group>"; };
		D519A8CB2F797DEA00B05C30 /* url-rewriter.js */ = {isa = PBXFileReference; lastKnownFileType = sourcecode.javascript; name = "url-rewriter.js"; path = "../../../shared/url-rewriter.js"; sourceTree = "<group>"; };
		D519A8CC2F797DEA00B05C30 /* icon-48.png */ = {isa = PBXFileReference; lastKnownFileType = image.png; name = "icon-48.png"; path = "../../../icons/icon-48.png"; sourceTree = "<group>"; };
		D519A8CD2F797DEA00B05C30 /* manifest.json */ = {isa = PBXFileReference; lastKnownFileType = text.json; name = manifest.json; path = "../../../shared/manifest.json"; sourceTree = "<group>"; };
		D519A8CE2F797DEA00B05C30 /* content.js */ = {isa = PBXFileReference; lastKnownFileType = sourcecode.javascript; name = content.js; path = "../../../shared/content.js"; sourceTree = "<group>"; };
		D519A8CF2F797DEA00B05C30 /* icon-128.png */ = {isa = PBXFileReference; lastKnownFileType = image.png; name = "icon-128.png"; path = "../../../icons/icon-128.png"; sourceTree = "<group>"; };
		D519A8D02F797DEA00B05C30 /* redirect-early.js */ = {isa = PBXFileReference; lastKnownFileType = sourcecode.javascript; name = "redirect-early.js"; path = "../../../shared/redirect-early.js"; sourceTree = "<group>"; };
		D519A8D12F797DEA00B05C30 /* icon-32.png */ = {isa = PBXFileReference; lastKnownFileType = image.png; name = "icon-32.png"; path = "../../../icons/icon-32.png"; sourceTree = "<group>"; };
/* End PBXFileReference section */

/* Begin PBXFrameworksBuildPhase section */
		D519A87A2F797DEA00B05C30 /* Frameworks */ = {
			isa = PBXFrameworksBuildPhase;
			buildActionMask = 2147483647;
			files = (
			);
			runOnlyForDeploymentPostprocessing = 0;
		};
		D519A88C2F797DEA00B05C30 /* Frameworks */ = {
			isa = PBXFrameworksBuildPhase;
			buildActionMask = 2147483647;
			files = (
			);
			runOnlyForDeploymentPostprocessing = 0;
		};
		D519A8982F797DEA00B05C30 /* Frameworks */ = {
			isa = PBXFrameworksBuildPhase;
			buildActionMask = 2147483647;
			files = (
			);
			runOnlyForDeploymentPostprocessing = 0;
		};
		D519A8A22F797DEA00B05C30 /* Frameworks */ = {
			isa = PBXFrameworksBuildPhase;
			buildActionMask = 2147483647;
			files = (
			);
			runOnlyForDeploymentPostprocessing = 0;
		};
/* End PBXFrameworksBuildPhase section */

/* Begin PBXGroup section */
		D519A8692F797DE900B05C30 = {
			isa = PBXGroup;
			children = (
				D519A86E2F797DE900B05C30 /* Shared (App) */,
				D519A8772F797DEA00B05C30 /* Shared (Extension) */,
				D519A87F2F797DEA00B05C30 /* iOS (App) */,
				D519A8902F797DEA00B05C30 /* macOS (App) */,
				D519A89F2F797DEA00B05C30 /* iOS (Extension) */,
				D519A8A92F797DEA00B05C30 /* macOS (Extension) */,
				D519A87E2F797DEA00B05C30 /* Products */,
			);
			sourceTree = "<group>";
		};
		D519A86E2F797DE900B05C30 /* Shared (App) */ = {
			isa = PBXGroup;
			children = (
				D519A8752F797DE900B05C30 /* ViewController.swift */,
				D519A8762F797DEA00B05C30 /* Assets.xcassets */,
				D519A86F2F797DE900B05C30 /* Resources */,
			);
			path = "Shared (App)";
			sourceTree = "<group>";
		};
		D519A86F2F797DE900B05C30 /* Resources */ = {
			isa = PBXGroup;
			children = (
				D519A8702F797DE900B05C30 /* Main.html */,
				D519A8722F797DE900B05C30 /* Icon.png */,
				D519A8732F797DE900B05C30 /* Style.css */,
				D519A8742F797DE900B05C30 /* Script.js */,
			);
			path = Resources;
			sourceTree = "<group>";
		};
		D519A8772F797DEA00B05C30 /* Shared (Extension) */ = {
			isa = PBXGroup;
			children = (
				D519A8C92F797DEA00B05C30 /* Resources */,
				D519A8782F797DEA00B05C30 /* SafariWebExtensionHandler.swift */,
			);
			path = "Shared (Extension)";
			sourceTree = "<group>";
		};
		D519A87E2F797DEA00B05C30 /* Products */ = {
			isa = PBXGroup;
			children = (
				D519A87D2F797DEA00B05C30 /* xcancel.app */,
				D519A88F2F797DEA00B05C30 /* xcancel.app */,
				D519A89B2F797DEA00B05C30 /* xcancel Extension.appex */,
				D519A8A52F797DEA00B05C30 /* xcancel Extension.appex */,
			);
			name = Products;
			sourceTree = "<group>";
		};
		D519A87F2F797DEA00B05C30 /* iOS (App) */ = {
			isa = PBXGroup;
			children = (
				D519A8802F797DEA00B05C30 /* AppDelegate.swift */,
				D519A8822F797DEA00B05C30 /* SceneDelegate.swift */,
				D519A8842F797DEA00B05C30 /* LaunchScreen.storyboard */,
				D519A8872F797DEA00B05C30 /* Main.storyboard */,
				D519A88A2F797DEA00B05C30 /* Info.plist */,
			);
			path = "iOS (App)";
			sourceTree = "<group>";
		};
		D519A8902F797DEA00B05C30 /* macOS (App) */ = {
			isa = PBXGroup;
			children = (
				D519A8912F797DEA00B05C30 /* AppDelegate.swift */,
				D519A8932F797DEA00B05C30 /* Main.storyboard */,
				D519A8962F797DEA00B05C30 /* Info.plist */,
			);
			path = "macOS (App)";
			sourceTree = "<group>";
		};
		D519A89F2F797DEA00B05C30 /* iOS (Extension) */ = {
			isa = PBXGroup;
			children = (
				D519A8A02F797DEA00B05C30 /* Info.plist */,
			);
			path = "iOS (Extension)";
			sourceTree = "<group>";
		};
		D519A8A92F797DEA00B05C30 /* macOS (Extension) */ = {
			isa = PBXGroup;
			children = (
				D519A8AA2F797DEA00B05C30 /* Info.plist */,
			);
			path = "macOS (Extension)";
			sourceTree = "<group>";
		};
		D519A8C92F797DEA00B05C30 /* Resources */ = {
			isa = PBXGroup;
			children = (
				D519A8CA2F797DEA00B05C30 /* icon-16.png */,
				D519A8CB2F797DEA00B05C30 /* url-rewriter.js */,
				D519A8CC2F797DEA00B05C30 /* icon-48.png */,
				D519A8CD2F797DEA00B05C30 /* manifest.json */,
				D519A8CE2F797DEA00B05C30 /* content.js */,
				D519A8CF2F797DEA00B05C30 /* icon-128.png */,
				D519A8D02F797DEA00B05C30 /* redirect-early.js */,
				D519A8D12F797DEA00B05C30 /* icon-32.png */,
			);
			name = Resources;
			path = "Shared (Extension)";
			sourceTree = SOURCE_ROOT;
		};
/* End PBXGroup section */

/* Begin PBXNativeTarget section */
		D519A87C2F797DEA00B05C30 /* xcancel (iOS) */ = {
			isa = PBXNativeTarget;
			buildConfigurationList = D519A8BF2F797DEA00B05C30 /* Build configuration list for PBXNativeTarget "xcancel (iOS)" */;
			buildPhases = (
				D519A8792F797DEA00B05C30 /* Sources */,
				D519A87A2F797DEA00B05C30 /* Frameworks */,
				D519A87B2F797DEA00B05C30 /* Resources */,
				D519A8BE2F797DEA00B05C30 /* Embed Foundation Extensions */,
			);
			buildRules = (
			);
			dependencies = (
				D519A89E2F797DEA00B05C30 /* PBXTargetDependency */,
			);
			name = "xcancel (iOS)";
			packageProductDependencies = (
			);
			productName = "xcancel (iOS)";
			productReference = D519A87D2F797DEA00B05C30 /* xcancel.app */;
			productType = "com.apple.product-type.application";
		};
		D519A88E2F797DEA00B05C30 /* xcancel (macOS) */ = {
			isa = PBXNativeTarget;
			buildConfigurationList = D519A8C62F797DEA00B05C30 /* Build configuration list for PBXNativeTarget "xcancel (macOS)" */;
			buildPhases = (
				D519A88B2F797DEA00B05C30 /* Sources */,
				D519A88C2F797DEA00B05C30 /* Frameworks */,
				D519A88D2F797DEA00B05C30 /* Resources */,
				D519A8C52F797DEA00B05C30 /* Embed Foundation Extensions */,
			);
			buildRules = (
			);
			dependencies = (
				D519A8A82F797DEA00B05C30 /* PBXTargetDependency */,
			);
			name = "xcancel (macOS)";
			packageProductDependencies = (
			);
			productName = "xcancel (macOS)";
			productReference = D519A88F2F797DEA00B05C30 /* xcancel.app */;
			productType = "com.apple.product-type.application";
		};
		D519A89A2F797DEA00B05C30 /* xcancel Extension (iOS) */ = {
			isa = PBXNativeTarget;
			buildConfigurationList = D519A8BB2F797DEA00B05C30 /* Build configuration list for PBXNativeTarget "xcancel Extension (iOS)" */;
			buildPhases = (
				D519A8972F797DEA00B05C30 /* Sources */,
				D519A8982F797DEA00B05C30 /* Frameworks */,
				D519A8992F797DEA00B05C30 /* Resources */,
			);
			buildRules = (
			);
			dependencies = (
			);
			name = "xcancel Extension (iOS)";
			packageProductDependencies = (
			);
			productName = "xcancel Extension (iOS)";
			productReference = D519A89B2F797DEA00B05C30 /* xcancel Extension.appex */;
			productType = "com.apple.product-type.app-extension";
		};
		D519A8A42F797DEA00B05C30 /* xcancel Extension (macOS) */ = {
			isa = PBXNativeTarget;
			buildConfigurationList = D519A8C22F797DEA00B05C30 /* Build configuration list for PBXNativeTarget "xcancel Extension (macOS)" */;
			buildPhases = (
				D519A8A12F797DEA00B05C30 /* Sources */,
				D519A8A22F797DEA00B05C30 /* Frameworks */,
				D519A8A32F797DEA00B05C30 /* Resources */,
			);
			buildRules = (
			);
			dependencies = (
			);
			name = "xcancel Extension (macOS)";
			packageProductDependencies = (
			);
			productName = "xcancel Extension (macOS)";
			productReference = D519A8A52F797DEA00B05C30 /* xcancel Extension.appex */;
			productType = "com.apple.product-type.app-extension";
		};
/* End PBXNativeTarget section */

/* Begin PBXProject section */
		D519A86A2F797DE900B05C30 /* Project object */ = {
			isa = PBXProject;
			attributes = {
				BuildIndependentTargetsInParallel = 1;
				LastSwiftUpdateCheck = 2640;
				LastUpgradeCheck = 2640;
				TargetAttributes = {
					D519A87C2F797DEA00B05C30 = {
						CreatedOnToolsVersion = 26.4;
					};
					D519A88E2F797DEA00B05C30 = {
						CreatedOnToolsVersion = 26.4;
					};
					D519A89A2F797DEA00B05C30 = {
						CreatedOnToolsVersion = 26.4;
					};
					D519A8A42F797DEA00B05C30 = {
						CreatedOnToolsVersion = 26.4;
					};
				};
			};
			buildConfigurationList = D519A86D2F797DE900B05C30 /* Build configuration list for PBXProject "xcancel" */;
			developmentRegion = en;
			hasScannedForEncodings = 0;
			knownRegions = (
				en,
				Base,
			);
			mainGroup = D519A8692F797DE900B05C30;
			minimizedProjectReferenceProxies = 1;
			preferredProjectObjectVersion = 77;
			productRefGroup = D519A87E2F797DEA00B05C30 /* Products */;
			projectDirPath = "";
			projectRoot = "";
			targets = (
				D519A87C2F797DEA00B05C30 /* xcancel (iOS) */,
				D519A88E2F797DEA00B05C30 /* xcancel (macOS) */,
				D519A89A2F797DEA00B05C30 /* xcancel Extension (iOS) */,
				D519A8A42F797DEA00B05C30 /* xcancel Extension (macOS) */,
			);
		};
/* End PBXProject section */

/* Begin PBXResourcesBuildPhase section */
		D519A87B2F797DEA00B05C30 /* Resources */ = {
			isa = PBXResourcesBuildPhase;
			buildActionMask = 2147483647;
			files = (
				D519A8AD2F797DEA00B05C30 /* Icon.png in Resources */,
				D519A8862F797DEA00B05C30 /* LaunchScreen.storyboard in Resources */,
				D519A8AB2F797DEA00B05C30 /* Main.html in Resources */,
				D519A8B12F797DEA00B05C30 /* Script.js in Resources */,
				D519A8B52F797DEA00B05C30 /* Assets.xcassets in Resources */,
				D519A8892F797DEA00B05C30 /* Main.storyboard in Resources */,
				D519A8AF2F797DEA00B05C30 /* Style.css in Resources */,
			);
			runOnlyForDeploymentPostprocessing = 0;
		};
		D519A88D2F797DEA00B05C30 /* Resources */ = {
			isa = PBXResourcesBuildPhase;
			buildActionMask = 2147483647;
			files = (
				D519A8AE2F797DEA00B05C30 /* Icon.png in Resources */,
				D519A8B02F797DEA00B05C30 /* Style.css in Resources */,
				D519A8952F797DEA00B05C30 /* Main.storyboard in Resources */,
				D519A8B22F797DEA00B05C30 /* Script.js in Resources */,
				D519A8B62F797DEA00B05C30 /* Assets.xcassets in Resources */,
				D519A8AC2F797DEA00B05C30 /* Main.html in Resources */,
			);
			runOnlyForDeploymentPostprocessing = 0;
		};
		D519A8992F797DEA00B05C30 /* Resources */ = {
			isa = PBXResourcesBuildPhase;
			buildActionMask = 2147483647;
			files = (
				D519A8DD2F797DEA00B05C30 /* manifest.json in Resources */,
				D519A8E12F797DEA00B05C30 /* icon-32.png in Resources */,
				D519A8DB2F797DEA00B05C30 /* url-rewriter.js in Resources */,
				D519A8DF2F797DEA00B05C30 /* icon-128.png in Resources */,
				D519A8DA2F797DEA00B05C30 /* icon-16.png in Resources */,
				D519A8E02F797DEA00B05C30 /* redirect-early.js in Resources */,
				D519A8DC2F797DEA00B05C30 /* icon-48.png in Resources */,
				D519A8DE2F797DEA00B05C30 /* content.js in Resources */,
			);
			runOnlyForDeploymentPostprocessing = 0;
		};
		D519A8A32F797DEA00B05C30 /* Resources */ = {
			isa = PBXResourcesBuildPhase;
			buildActionMask = 2147483647;
			files = (
				D519A8D52F797DEA00B05C30 /* manifest.json in Resources */,
				D519A8D92F797DEA00B05C30 /* icon-32.png in Resources */,
				D519A8D32F797DEA00B05C30 /* url-rewriter.js in Resources */,
				D519A8D72F797DEA00B05C30 /* icon-128.png in Resources */,
				D519A8D22F797DEA00B05C30 /* icon-16.png in Resources */,
				D519A8D82F797DEA00B05C30 /* redirect-early.js in Resources */,
				D519A8D42F797DEA00B05C30 /* icon-48.png in Resources */,
				D519A8D62F797DEA00B05C30 /* content.js in Resources */,
			);
			runOnlyForDeploymentPostprocessing = 0;
		};
/* End PBXResourcesBuildPhase section */

/* Begin PBXSourcesBuildPhase section */
		D519A8792F797DEA00B05C30 /* Sources */ = {
			isa = PBXSourcesBuildPhase;
			buildActionMask = 2147483647;
			files = (
				D519A8B32F797DEA00B05C30 /* ViewController.swift in Sources */,
				D519A8812F797DEA00B05C30 /* AppDelegate.swift in Sources */,
				D519A8832F797DEA00B05C30 /* SceneDelegate.swift in Sources */,
			);
			runOnlyForDeploymentPostprocessing = 0;
		};
		D519A88B2F797DEA00B05C30 /* Sources */ = {
			isa = PBXSourcesBuildPhase;
			buildActionMask = 2147483647;
			files = (
				D519A8B42F797DEA00B05C30 /* ViewController.swift in Sources */,
				D519A8922F797DEA00B05C30 /* AppDelegate.swift in Sources */,
			);
			runOnlyForDeploymentPostprocessing = 0;
		};
		D519A8972F797DEA00B05C30 /* Sources */ = {
			isa = PBXSourcesBuildPhase;
			buildActionMask = 2147483647;
			files = (
				D519A8B72F797DEA00B05C30 /* SafariWebExtensionHandler.swift in Sources */,
			);
			runOnlyForDeploymentPostprocessing = 0;
		};
		D519A8A12F797DEA00B05C30 /* Sources */ = {
			isa = PBXSourcesBuildPhase;
			buildActionMask = 2147483647;
			files = (
				D519A8B82F797DEA00B05C30 /* SafariWebExtensionHandler.swift in Sources */,
			);
			runOnlyForDeploymentPostprocessing = 0;
		};
/* End PBXSourcesBuildPhase section */

/* Begin PBXTargetDependency section */
		D519A89E2F797DEA00B05C30 /* PBXTargetDependency */ = {
			isa = PBXTargetDependency;
			target = D519A89A2F797DEA00B05C30 /* xcancel Extension (iOS) */;
			targetProxy = D519A89D2F797DEA00B05C30 /* PBXContainerItemProxy */;
		};
		D519A8A82F797DEA00B05C30 /* PBXTargetDependency */ = {
			isa = PBXTargetDependency;
			target = D519A8A42F797DEA00B05C30 /* xcancel Extension (macOS) */;
			targetProxy = D519A8A72F797DEA00B05C30 /* PBXContainerItemProxy */;
		};
/* End PBXTargetDependency section */

/* Begin PBXVariantGroup section */
		D519A8702F797DE900B05C30 /* Main.html */ = {
			isa = PBXVariantGroup;
			children = (
				D519A8712F797DE900B05C30 /* Base */,
			);
			name = Main.html;
			sourceTree = "<group>";
		};
		D519A8842F797DEA00B05C30 /* LaunchScreen.storyboard */ = {
			isa = PBXVariantGroup;
			children = (
				D519A8852F797DEA00B05C30 /* Base */,
			);
			name = LaunchScreen.storyboard;
			sourceTree = "<group>";
		};
		D519A8872F797DEA00B05C30 /* Main.storyboard */ = {
			isa = PBXVariantGroup;
			children = (
				D519A8882F797DEA00B05C30 /* Base */,
			);
			name = Main.storyboard;
			sourceTree = "<group>";
		};
		D519A8932F797DEA00B05C30 /* Main.storyboard */ = {
			isa = PBXVariantGroup;
			children = (
				D519A8942F797DEA00B05C30 /* Base */,
			);
			name = Main.storyboard;
			sourceTree = "<group>";
		};
/* End PBXVariantGroup section */

/* Begin XCBuildConfiguration section */
		D519A8B92F797DEA00B05C30 /* Debug */ = {
			isa = XCBuildConfiguration;
			buildSettings = {
				ALWAYS_SEARCH_USER_PATHS = NO;
				ASSETCATALOG_COMPILER_GENERATE_SWIFT_ASSET_SYMBOL_EXTENSIONS = YES;
				CLANG_ANALYZER_NONNULL = YES;
				CLANG_ANALYZER_NUMBER_OBJECT_CONVERSION = YES_AGGRESSIVE;
				CLANG_CXX_LANGUAGE_STANDARD = "gnu++20";
				CLANG_ENABLE_MODULES = YES;
				CLANG_ENABLE_OBJC_ARC = YES;
				CLANG_ENABLE_OBJC_WEAK = YES;
				CLANG_WARN_BLOCK_CAPTURE_AUTORELEASING = YES;
				CLANG_WARN_BOOL_CONVERSION = YES;
				CLANG_WARN_COMMA = YES;
				CLANG_WARN_CONSTANT_CONVERSION = YES;
				CLANG_WARN_DEPRECATED_OBJC_IMPLEMENTATIONS = YES;
				CLANG_WARN_DIRECT_OBJC_ISA_USAGE = YES_ERROR;
				CLANG_WARN_DOCUMENTATION_COMMENTS = YES;
				CLANG_WARN_EMPTY_BODY = YES;
				CLANG_WARN_ENUM_CONVERSION = YES;
				CLANG_WARN_INFINITE_RECURSION = YES;
				CLANG_WARN_INT_CONVERSION = YES;
				CLANG_WARN_NON_LITERAL_NULL_CONVERSION = YES;
				CLANG_WARN_OBJC_IMPLICIT_RETAIN_SELF = YES;
				CLANG_WARN_OBJC_LITERAL_CONVERSION = YES;
				CLANG_WARN_OBJC_ROOT_CLASS = YES_ERROR;
				CLANG_WARN_QUOTED_INCLUDE_IN_FRAMEWORK_HEADER = YES;
				CLANG_WARN_RANGE_LOOP_ANALYSIS = YES;
				CLANG_WARN_STRICT_PROTOTYPES = YES;
				CLANG_WARN_SUSPICIOUS_MOVE = YES;
				CLANG_WARN_UNGUARDED_AVAILABILITY = YES_AGGRESSIVE;
				CLANG_WARN_UNREACHABLE_CODE = YES;
				CLANG_WARN__DUPLICATE_METHOD_MATCH = YES;
				COPY_PHASE_STRIP = NO;
				DEBUG_INFORMATION_FORMAT = dwarf;
				ENABLE_STRICT_OBJC_MSGSEND = YES;
				ENABLE_TESTABILITY = YES;
				ENABLE_USER_SCRIPT_SANDBOXING = YES;
				GCC_C_LANGUAGE_STANDARD = gnu17;
				GCC_DYNAMIC_NO_PIC = NO;
				GCC_NO_COMMON_BLOCKS = YES;
				GCC_OPTIMIZATION_LEVEL = 0;
				GCC_PREPROCESSOR_DEFINITIONS = (
					"DEBUG=1",
					"$(inherited)",
				);
				GCC_WARN_64_TO_32_BIT_CONVERSION = YES;
				GCC_WARN_ABOUT_RETURN_TYPE = YES_ERROR;
				GCC_WARN_UNDECLARED_SELECTOR = YES;
				GCC_WARN_UNINITIALIZED_AUTOS = YES_AGGRESSIVE;
				GCC_WARN_UNUSED_FUNCTION = YES;
				GCC_WARN_UNUSED_VARIABLE = YES;
				LOCALIZATION_PREFERS_STRING_CATALOGS = YES;
				MTL_ENABLE_DEBUG_INFO = INCLUDE_SOURCE;
				MTL_FAST_MATH = YES;
				ONLY_ACTIVE_ARCH = YES;
				SWIFT_ACTIVE_COMPILATION_CONDITIONS = "DEBUG $(inherited)";
				SWIFT_OPTIMIZATION_LEVEL = "-Onone";
			};
			name = Debug;
		};
		D519A8BA2F797DEA00B05C30 /* Release */ = {
			isa = XCBuildConfiguration;
			buildSettings = {
				ALWAYS_SEARCH_USER_PATHS = NO;
				ASSETCATALOG_COMPILER_GENERATE_SWIFT_ASSET_SYMBOL_EXTENSIONS = YES;
				CLANG_ANALYZER_NONNULL = YES;
				CLANG_ANALYZER_NUMBER_OBJECT_CONVERSION = YES_AGGRESSIVE;
				CLANG_CXX_LANGUAGE_STANDARD = "gnu++20";
				CLANG_ENABLE_MODULES = YES;
				CLANG_ENABLE_OBJC_ARC = YES;
				CLANG_ENABLE_OBJC_WEAK = YES;
				CLANG_WARN_BLOCK_CAPTURE_AUTORELEASING = YES;
				CLANG_WARN_BOOL_CONVERSION = YES;
				CLANG_WARN_COMMA = YES;
				CLANG_WARN_CONSTANT_CONVERSION = YES;
				CLANG_WARN_DEPRECATED_OBJC_IMPLEMENTATIONS = YES;
				CLANG_WARN_DIRECT_OBJC_ISA_USAGE = YES_ERROR;
				CLANG_WARN_DOCUMENTATION_COMMENTS = YES;
				CLANG_WARN_EMPTY_BODY = YES;
				CLANG_WARN_ENUM_CONVERSION = YES;
				CLANG_WARN_INFINITE_RECURSION = YES;
				CLANG_WARN_INT_CONVERSION = YES;
				CLANG_WARN_NON_LITERAL_NULL_CONVERSION = YES;
				CLANG_WARN_OBJC_IMPLICIT_RETAIN_SELF = YES;
				CLANG_WARN_OBJC_LITERAL_CONVERSION = YES;
				CLANG_WARN_OBJC_ROOT_CLASS = YES_ERROR;
				CLANG_WARN_QUOTED_INCLUDE_IN_FRAMEWORK_HEADER = YES;
				CLANG_WARN_RANGE_LOOP_ANALYSIS = YES;
				CLANG_WARN_STRICT_PROTOTYPES = YES;
				CLANG_WARN_SUSPICIOUS_MOVE = YES;
				CLANG_WARN_UNGUARDED_AVAILABILITY = YES_AGGRESSIVE;
				CLANG_WARN_UNREACHABLE_CODE = YES;
				CLANG_WARN__DUPLICATE_METHOD_MATCH = YES;
				COPY_PHASE_STRIP = NO;
				DEBUG_INFORMATION_FORMAT = "dwarf-with-dsym";
				ENABLE_NS_ASSERTIONS = NO;
				ENABLE_STRICT_OBJC_MSGSEND = YES;
				ENABLE_USER_SCRIPT_SANDBOXING = YES;
				GCC_C_LANGUAGE_STANDARD = gnu17;
				GCC_NO_COMMON_BLOCKS = YES;
				GCC_WARN_64_TO_32_BIT_CONVERSION = YES;
				GCC_WARN_ABOUT_RETURN_TYPE = YES_ERROR;
				GCC_WARN_UNDECLARED_SELECTOR = YES;
				GCC_WARN_UNINITIALIZED_AUTOS = YES_AGGRESSIVE;
				GCC_WARN_UNUSED_FUNCTION = YES;
				GCC_WARN_UNUSED_VARIABLE = YES;
				LOCALIZATION_PREFERS_STRING_CATALOGS = YES;
				MTL_ENABLE_DEBUG_INFO = NO;
				MTL_FAST_MATH = YES;
				SWIFT_COMPILATION_MODE = wholemodule;
			};
			name = Release;
		};
		D519A8BC2F797DEA00B05C30 /* Debug */ = {
			isa = XCBuildConfiguration;
			buildSettings = {
				CODE_SIGN_STYLE = Automatic;
				CURRENT_PROJECT_VERSION = 1;
				GENERATE_INFOPLIST_FILE = YES;
				INFOPLIST_FILE = "iOS (Extension)/Info.plist";
				INFOPLIST_KEY_CFBundleDisplayName = "xcancel Extension";
				INFOPLIST_KEY_NSHumanReadableCopyright = "";
				IPHONEOS_DEPLOYMENT_TARGET = 15.0;
				LD_RUNPATH_SEARCH_PATHS = (
					"$(inherited)",
					"@executable_path/Frameworks",
					"@executable_path/../../Frameworks",
				);
				MARKETING_VERSION = 1.0;
				OTHER_LDFLAGS = (
					"-framework",
					SafariServices,
				);
				PRODUCT_BUNDLE_IDENTIFIER = com.jotajotaz.xcancel.Extension;
				PRODUCT_NAME = "xcancel Extension";
				SDKROOT = iphoneos;
				SKIP_INSTALL = YES;
				STRING_CATALOG_GENERATE_SYMBOLS = YES;
				SWIFT_APPROACHABLE_CONCURRENCY = YES;
				SWIFT_EMIT_LOC_STRINGS = YES;
				SWIFT_UPCOMING_FEATURE_MEMBER_IMPORT_VISIBILITY = YES;
				SWIFT_VERSION = 5.0;
				TARGETED_DEVICE_FAMILY = "1,2";
			};
			name = Debug;
		};
		D519A8BD2F797DEA00B05C30 /* Release */ = {
			isa = XCBuildConfiguration;
			buildSettings = {
				CODE_SIGN_STYLE = Automatic;
				CURRENT_PROJECT_VERSION = 1;
				GENERATE_INFOPLIST_FILE = YES;
				INFOPLIST_FILE = "iOS (Extension)/Info.plist";
				INFOPLIST_KEY_CFBundleDisplayName = "xcancel Extension";
				INFOPLIST_KEY_NSHumanReadableCopyright = "";
				IPHONEOS_DEPLOYMENT_TARGET = 15.0;
				LD_RUNPATH_SEARCH_PATHS = (
					"$(inherited)",
					"@executable_path/Frameworks",
					"@executable_path/../../Frameworks",
				);
				MARKETING_VERSION = 1.0;
				OTHER_LDFLAGS = (
					"-framework",
					SafariServices,
				);
				PRODUCT_BUNDLE_IDENTIFIER = com.jotajotaz.xcancel.Extension;
				PRODUCT_NAME = "xcancel Extension";
				SDKROOT = iphoneos;
				SKIP_INSTALL = YES;
				STRING_CATALOG_GENERATE_SYMBOLS = YES;
				SWIFT_APPROACHABLE_CONCURRENCY = YES;
				SWIFT_EMIT_LOC_STRINGS = YES;
				SWIFT_UPCOMING_FEATURE_MEMBER_IMPORT_VISIBILITY = YES;
				SWIFT_VERSION = 5.0;
				TARGETED_DEVICE_FAMILY = "1,2";
				VALIDATE_PRODUCT = YES;
			};
			name = Release;
		};
		D519A8C02F797DEA00B05C30 /* Debug */ = {
			isa = XCBuildConfiguration;
			buildSettings = {
				ASSETCATALOG_COMPILER_APPICON_NAME = AppIcon;
				ASSETCATALOG_COMPILER_GLOBAL_ACCENT_COLOR_NAME = AccentColor;
				CODE_SIGN_STYLE = Automatic;
				CURRENT_PROJECT_VERSION = 1;
				GENERATE_INFOPLIST_FILE = YES;
				INFOPLIST_FILE = "iOS (App)/Info.plist";
				INFOPLIST_KEY_CFBundleDisplayName = xcancel;
				INFOPLIST_KEY_UIApplicationSupportsIndirectInputEvents = YES;
				INFOPLIST_KEY_UILaunchStoryboardName = LaunchScreen;
				INFOPLIST_KEY_UIMainStoryboardFile = Main;
				INFOPLIST_KEY_UISupportedInterfaceOrientations = "UIInterfaceOrientationPortrait UIInterfaceOrientationLandscapeLeft UIInterfaceOrientationLandscapeRight";
				INFOPLIST_KEY_UISupportedInterfaceOrientations_iPad = "UIInterfaceOrientationPortrait UIInterfaceOrientationPortraitUpsideDown UIInterfaceOrientationLandscapeLeft UIInterfaceOrientationLandscapeRight";
				IPHONEOS_DEPLOYMENT_TARGET = 15.0;
				LD_RUNPATH_SEARCH_PATHS = (
					"$(inherited)",
					"@executable_path/Frameworks",
				);
				MARKETING_VERSION = 1.0;
				OTHER_LDFLAGS = (
					"-framework",
					SafariServices,
					"-framework",
					WebKit,
				);
				PRODUCT_BUNDLE_IDENTIFIER = com.jotajotaz.xcancel;
				PRODUCT_NAME = xcancel;
				SDKROOT = iphoneos;
				STRING_CATALOG_GENERATE_SYMBOLS = YES;
				SWIFT_APPROACHABLE_CONCURRENCY = YES;
				SWIFT_DEFAULT_ACTOR_ISOLATION = MainActor;
				SWIFT_EMIT_LOC_STRINGS = YES;
				SWIFT_UPCOMING_FEATURE_MEMBER_IMPORT_VISIBILITY = YES;
				SWIFT_VERSION = 5.0;
				TARGETED_DEVICE_FAMILY = "1,2";
			};
			name = Debug;
		};
		D519A8C12F797DEA00B05C30 /* Release */ = {
			isa = XCBuildConfiguration;
			buildSettings = {
				ASSETCATALOG_COMPILER_APPICON_NAME = AppIcon;
				ASSETCATALOG_COMPILER_GLOBAL_ACCENT_COLOR_NAME = AccentColor;
				CODE_SIGN_STYLE = Automatic;
				CURRENT_PROJECT_VERSION = 1;
				GENERATE_INFOPLIST_FILE = YES;
				INFOPLIST_FILE = "iOS (App)/Info.plist";
				INFOPLIST_KEY_CFBundleDisplayName = xcancel;
				INFOPLIST_KEY_UIApplicationSupportsIndirectInputEvents = YES;
				INFOPLIST_KEY_UILaunchStoryboardName = LaunchScreen;
				INFOPLIST_KEY_UIMainStoryboardFile = Main;
				INFOPLIST_KEY_UISupportedInterfaceOrientations = "UIInterfaceOrientationPortrait UIInterfaceOrientationLandscapeLeft UIInterfaceOrientationLandscapeRight";
				INFOPLIST_KEY_UISupportedInterfaceOrientations_iPad = "UIInterfaceOrientationPortrait UIInterfaceOrientationPortraitUpsideDown UIInterfaceOrientationLandscapeLeft UIInterfaceOrientationLandscapeRight";
				IPHONEOS_DEPLOYMENT_TARGET = 15.0;
				LD_RUNPATH_SEARCH_PATHS = (
					"$(inherited)",
					"@executable_path/Frameworks",
				);
				MARKETING_VERSION = 1.0;
				OTHER_LDFLAGS = (
					"-framework",
					SafariServices,
					"-framework",
					WebKit,
				);
				PRODUCT_BUNDLE_IDENTIFIER = com.jotajotaz.xcancel;
				PRODUCT_NAME = xcancel;
				SDKROOT = iphoneos;
				STRING_CATALOG_GENERATE_SYMBOLS = YES;
				SWIFT_APPROACHABLE_CONCURRENCY = YES;
				SWIFT_DEFAULT_ACTOR_ISOLATION = MainActor;
				SWIFT_EMIT_LOC_STRINGS = YES;
				SWIFT_UPCOMING_FEATURE_MEMBER_IMPORT_VISIBILITY = YES;
				SWIFT_VERSION = 5.0;
				TARGETED_DEVICE_FAMILY = "1,2";
				VALIDATE_PRODUCT = YES;
			};
			name = Release;
		};
		D519A8C32F797DEA00B05C30 /* Debug */ = {
			isa = XCBuildConfiguration;
			buildSettings = {
				CODE_SIGN_STYLE = Automatic;
				CURRENT_PROJECT_VERSION = 1;
				ENABLE_APP_SANDBOX = YES;
				ENABLE_HARDENED_RUNTIME = YES;
				ENABLE_USER_SELECTED_FILES = readonly;
				GENERATE_INFOPLIST_FILE = YES;
				INFOPLIST_FILE = "macOS (Extension)/Info.plist";
				INFOPLIST_KEY_CFBundleDisplayName = "xcancel Extension";
				INFOPLIST_KEY_NSHumanReadableCopyright = "";
				LD_RUNPATH_SEARCH_PATHS = (
					"$(inherited)",
					"@executable_path/../Frameworks",
					"@executable_path/../../../../Frameworks",
				);
				MACOSX_DEPLOYMENT_TARGET = 10.14;
				MARKETING_VERSION = 1.0;
				OTHER_LDFLAGS = (
					"-framework",
					SafariServices,
				);
				PRODUCT_BUNDLE_IDENTIFIER = com.jotajotaz.xcancel.Extension;
				PRODUCT_NAME = "xcancel Extension";
				SDKROOT = macosx;
				SKIP_INSTALL = YES;
				STRING_CATALOG_GENERATE_SYMBOLS = YES;
				SWIFT_APPROACHABLE_CONCURRENCY = YES;
				SWIFT_EMIT_LOC_STRINGS = YES;
				SWIFT_UPCOMING_FEATURE_MEMBER_IMPORT_VISIBILITY = YES;
				SWIFT_VERSION = 5.0;
			};
			name = Debug;
		};
		D519A8C42F797DEA00B05C30 /* Release */ = {
			isa = XCBuildConfiguration;
			buildSettings = {
				CODE_SIGN_STYLE = Automatic;
				CURRENT_PROJECT_VERSION = 1;
				ENABLE_APP_SANDBOX = YES;
				ENABLE_HARDENED_RUNTIME = YES;
				ENABLE_USER_SELECTED_FILES = readonly;
				GENERATE_INFOPLIST_FILE = YES;
				INFOPLIST_FILE = "macOS (Extension)/Info.plist";
				INFOPLIST_KEY_CFBundleDisplayName = "xcancel Extension";
				INFOPLIST_KEY_NSHumanReadableCopyright = "";
				LD_RUNPATH_SEARCH_PATHS = (
					"$(inherited)",
					"@executable_path/../Frameworks",
					"@executable_path/../../../../Frameworks",
				);
				MACOSX_DEPLOYMENT_TARGET = 10.14;
				MARKETING_VERSION = 1.0;
				OTHER_LDFLAGS = (
					"-framework",
					SafariServices,
				);
				PRODUCT_BUNDLE_IDENTIFIER = com.jotajotaz.xcancel.Extension;
				PRODUCT_NAME = "xcancel Extension";
				SDKROOT = macosx;
				SKIP_INSTALL = YES;
				STRING_CATALOG_GENERATE_SYMBOLS = YES;
				SWIFT_APPROACHABLE_CONCURRENCY = YES;
				SWIFT_EMIT_LOC_STRINGS = YES;
				SWIFT_UPCOMING_FEATURE_MEMBER_IMPORT_VISIBILITY = YES;
				SWIFT_VERSION = 5.0;
			};
			name = Release;
		};
		D519A8C72F797DEA00B05C30 /* Debug */ = {
			isa = XCBuildConfiguration;
			buildSettings = {
				ASSETCATALOG_COMPILER_APPICON_NAME = AppIcon;
				ASSETCATALOG_COMPILER_GLOBAL_ACCENT_COLOR_NAME = AccentColor;
				CODE_SIGN_STYLE = Automatic;
				CURRENT_PROJECT_VERSION = 1;
				ENABLE_APP_SANDBOX = YES;
				ENABLE_HARDENED_RUNTIME = YES;
				ENABLE_OUTGOING_NETWORK_CONNECTIONS = YES;
				ENABLE_USER_SELECTED_FILES = readonly;
				GENERATE_INFOPLIST_FILE = YES;
				INFOPLIST_FILE = "macOS (App)/Info.plist";
				INFOPLIST_KEY_CFBundleDisplayName = xcancel;
				INFOPLIST_KEY_NSMainStoryboardFile = Main;
				INFOPLIST_KEY_NSPrincipalClass = NSApplication;
				LD_RUNPATH_SEARCH_PATHS = (
					"$(inherited)",
					"@executable_path/../Frameworks",
				);
				MACOSX_DEPLOYMENT_TARGET = 10.14;
				MARKETING_VERSION = 1.0;
				OTHER_LDFLAGS = (
					"-framework",
					SafariServices,
					"-framework",
					WebKit,
				);
				PRODUCT_BUNDLE_IDENTIFIER = com.jotajotaz.xcancel;
				PRODUCT_NAME = xcancel;
				REGISTER_APP_GROUPS = YES;
				SDKROOT = macosx;
				STRING_CATALOG_GENERATE_SYMBOLS = YES;
				SWIFT_APPROACHABLE_CONCURRENCY = YES;
				SWIFT_DEFAULT_ACTOR_ISOLATION = MainActor;
				SWIFT_EMIT_LOC_STRINGS = YES;
				SWIFT_UPCOMING_FEATURE_MEMBER_IMPORT_VISIBILITY = YES;
				SWIFT_VERSION = 5.0;
			};
			name = Debug;
		};
		D519A8C82F797DEA00B05C30 /* Release */ = {
			isa = XCBuildConfiguration;
			buildSettings = {
				ASSETCATALOG_COMPILER_APPICON_NAME = AppIcon;
				ASSETCATALOG_COMPILER_GLOBAL_ACCENT_COLOR_NAME = AccentColor;
				CODE_SIGN_STYLE = Automatic;
				CURRENT_PROJECT_VERSION = 1;
				ENABLE_APP_SANDBOX = YES;
				ENABLE_HARDENED_RUNTIME = YES;
				ENABLE_OUTGOING_NETWORK_CONNECTIONS = YES;
				ENABLE_USER_SELECTED_FILES = readonly;
				GENERATE_INFOPLIST_FILE = YES;
				INFOPLIST_FILE = "macOS (App)/Info.plist";
				INFOPLIST_KEY_CFBundleDisplayName = xcancel;
				INFOPLIST_KEY_NSMainStoryboardFile = Main;
				INFOPLIST_KEY_NSPrincipalClass = NSApplication;
				LD_RUNPATH_SEARCH_PATHS = (
					"$(inherited)",
					"@executable_path/../Frameworks",
				);
				MACOSX_DEPLOYMENT_TARGET = 10.14;
				MARKETING_VERSION = 1.0;
				OTHER_LDFLAGS = (
					"-framework",
					SafariServices,
					"-framework",
					WebKit,
				);
				PRODUCT_BUNDLE_IDENTIFIER = com.jotajotaz.xcancel;
				PRODUCT_NAME = xcancel;
				REGISTER_APP_GROUPS = YES;
				SDKROOT = macosx;
				STRING_CATALOG_GENERATE_SYMBOLS = YES;
				SWIFT_APPROACHABLE_CONCURRENCY = YES;
				SWIFT_DEFAULT_ACTOR_ISOLATION = MainActor;
				SWIFT_EMIT_LOC_STRINGS = YES;
				SWIFT_UPCOMING_FEATURE_MEMBER_IMPORT_VISIBILITY = YES;
				SWIFT_VERSION = 5.0;
			};
			name = Release;
		};
/* End XCBuildConfiguration section */

/* Begin XCConfigurationList section */
		D519A86D2F797DE900B05C30 /* Build configuration list for PBXProject "xcancel" */ = {
			isa = XCConfigurationList;
			buildConfigurations = (
				D519A8B92F797DEA00B05C30 /* Debug */,
				D519A8BA2F797DEA00B05C30 /* Release */,
			);
			defaultConfigurationIsVisible = 0;
			defaultConfigurationName = Release;
		};
		D519A8BB2F797DEA00B05C30 /* Build configuration list for PBXNativeTarget "xcancel Extension (iOS)" */ = {
			isa = XCConfigurationList;
			buildConfigurations = (
				D519A8BC2F797DEA00B05C30 /* Debug */,
				D519A8BD2F797DEA00B05C30 /* Release */,
			);
			defaultConfigurationIsVisible = 0;
			defaultConfigurationName = Release;
		};
		D519A8BF2F797DEA00B05C30 /* Build configuration list for PBXNativeTarget "xcancel (iOS)" */ = {
			isa = XCConfigurationList;
			buildConfigurations = (
				D519A8C02F797DEA00B05C30 /* Debug */,
				D519A8C12F797DEA00B05C30 /* Release */,
			);
			defaultConfigurationIsVisible = 0;
			defaultConfigurationName = Release;
		};
		D519A8C22F797DEA00B05C30 /* Build configuration list for PBXNativeTarget "xcancel Extension (macOS)" */ = {
			isa = XCConfigurationList;
			buildConfigurations = (
				D519A8C32F797DEA00B05C30 /* Debug */,
				D519A8C42F797DEA00B05C30 /* Release */,
			);
			defaultConfigurationIsVisible = 0;
			defaultConfigurationName = Release;
		};
		D519A8C62F797DEA00B05C30 /* Build configuration list for PBXNativeTarget "xcancel (macOS)" */ = {
			isa = XCConfigurationList;
			buildConfigurations = (
				D519A8C72F797DEA00B05C30 /* Debug */,
				D519A8C82F797DEA00B05C30 /* Release */,
			);
			defaultConfigurationIsVisible = 0;
			defaultConfigurationName = Release;
		};
/* End XCConfigurationList section */
	};
	rootObject = D519A86A2F797DE900B05C30 /* Project object */;
}
